{
  "originHash" : "db5fd103e6d9c84af4b9c923c3eff2d5d95f92458c790d0725c4fb7bec8cc8e7",
  "pins" : [
    {
      "identity" : "apphudsdk",
      "kind" : "remoteSourceControl",
      "location" : "https://github.com/apphud/ApphudSDK",
      "state" : {
        "revision" : "23c0de964ed7d2f6f9cda83efaa1a40acfb84359",
        "version" : "4.2.3"
      }
    },
    {
      "identity" : "swiftlintplugins",
      "kind" : "remoteSourceControl",
      "location" : "https://github.com/SimplyDanny/SwiftLintPlugins",
      "state" : {
        "revision" : "18d8d2d18e1668006d1d209e0b5f5e06c1da7cb5",
        "version" : "0.63.3"
      }
    }
  ],
  "version" : 3
}
